PODS:
  - Base58String (0.1.0):
    - BigInt (~> 3.1)
  - BigInt (3.1.0):
    - SipHash (~> 1.2)
  - CryptoSwift (1.4.2)
  - SipHash (1.2.2)
  - Sodium (0.8.0)
  - SwipeableTabBarController (3.4.2)

DEPENDENCIES:
  - Base58String (from `https://github.com/cloutiertyler/Base58String.git`)
  - CryptoSwift (from `https://github.com/krzyzanowskim/CryptoSwift`, branch `main`)
  - Sodium (~> 0.8.0)
  - SwipeableTabBarController

SPEC REPOS:
  trunk:
    - BigInt
    - SipHash
    - Sodium
    - SwipeableTabBarController

EXTERNAL SOURCES:
  Base58String:
    :git: https://github.com/cloutiertyler/Base58String.git
  CryptoSwift:
    :branch: main
    :git: https://github.com/krzyzanowskim/CryptoSwift

CHECKOUT OPTIONS:
  Base58String:
    :commit: 4989d0eea6a690eb163bfdc3491c5c532275010e
    :git: https://github.com/cloutiertyler/Base58String.git
  CryptoSwift:
    :commit: 19d021f49bef6373c473acbcdbb4da60273dc4d6
    :git: https://github.com/krzyzanowskim/CryptoSwift

SPEC CHECKSUMS:
  Base58String: a12a7d574e00d07c5f58ff5b7adf7f1353a32a44
  BigInt: 76b5dfdfa3e2e478d4ffdf161aeede5502e2742f
  CryptoSwift: a532e74ed010f8c95f611d00b8bbae42e9fe7c17
  SipHash: fad90a4683e420c52ef28063063dbbce248ea6d4
  Sodium: 63c0ca312a932e6da481689537d4b35568841bdc
  SwipeableTabBarController: 9a218bdee9426d1bfe36d7962f852024bb08d61b

PODFILE CHECKSUM: 0c39c52d896dce82e7151e435aba12db17f315d4

COCOAPODS: 1.10.0
